
Microsoft Visual Studio Solution File, Format Version 12.00
# Visual Studio Version 16
VisualStudioVersion = 16.0.31112.23
MinimumVisualStudioVersion = 10.0.40219.1
Project("{2150E333-8FDC-42A3-9474-1A3956D46DE8}") = "Services", "Services", "{A67FB7E4-3197-42A6-9942-E304AAA1AF18}"
EndProject
Project("{2150E333-8FDC-42A3-9474-1A3956D46DE8}") = "Catalog", "Catalog", "{1B1682B4-4454-416E-857E-DB12E9B3C64E}"
EndProject
Project("{9A19103F-16F7-4668-BE54-9A1E7A4F7556}") = "Catalog.API", "Services\Catalog\Catalog.API\Catalog.API.csproj", "{36B39646-C3EB-420E-9CE8-EB4F381098A4}"
EndProject
Project("{E53339B2-1760-4266-BCC7-CA923CBCF16C}") = "docker-compose", "docker-compose.dcproj", "{FAA18EBD-62F6-4770-BB1F-88149D6F6680}"
EndProject
Project("{2150E333-8FDC-42A3-9474-1A3956D46DE8}") = "Basket", "Basket", "{F2B687D4-C51B-4938-A9AD-EF4B5D8DDCEA}"
EndProject
Project("{9A19103F-16F7-4668-BE54-9A1E7A4F7556}") = "Basket.API", "Services\Basket\Basket.API\Basket.API.csproj", "{12141B84-4AC0-472E-8745-4010A90F247E}"
EndProject
Project("{2150E333-8FDC-42A3-9474-1A3956D46DE8}") = "Discount", "Discount", "{98B4280C-C210-4F6C-A76A-66702F42489E}"
EndProject
Project("{9A19103F-16F7-4668-BE54-9A1E7A4F7556}") = "Discount.API", "Services\Discount\Discount.API\Discount.API.csproj", "{E16A68BA-FFC4-4D19-8DE1-0C3F118CED9B}"
EndProject
Project("{9A19103F-16F7-4668-BE54-9A1E7A4F7556}") = "Discount.Grpc", "Services\Discount\Discount.Grpc\Discount.Grpc.csproj", "{4E4D7882-ED7B-4C3B-A7A5-BE491617CBCC}"
EndProject
Project("{2150E333-8FDC-42A3-9474-1A3956D46DE8}") = "Ordering", "Ordering", "{DCA7FA22-D0BA-46B3-BA4E-51B2F490C1FE}"
EndProject
Project("{FAE04EC0-301F-11D3-BF4B-00C04F79EFBC}") = "Ordering.API", "Services\Ordering\Ordering.API\Ordering.API.csproj", "{942079ED-3F87-44A3-9653-11D0966712E3}"
EndProject
Project("{FAE04EC0-301F-11D3-BF4B-00C04F79EFBC}") = "Ordering.Domain", "Services\Ordering\Ordering.Domain\Ordering.Domain.csproj", "{B8856819-7BDA-457A-AFB3-5F3C998D52D7}"
EndProject
Project("{FAE04EC0-301F-11D3-BF4B-00C04F79EFBC}") = "Ordering.Application", "Services\Ordering\Ordering.Application\Ordering.Application.csproj", "{EE0D0858-17FF-46D8-B480-2DCAE4365CFC}"
EndProject
Project("{FAE04EC0-301F-11D3-BF4B-00C04F79EFBC}") = "Ordering.Infrastructure", "Services\Ordering\Ordering.Infrastructure\Ordering.Infrastructure.csproj", "{E9F0DE90-B096-47BF-B868-D216D1C52A26}"
EndProject
Global
	GlobalSection(SolutionConfigurationPlatforms) = preSolution
		Debug|Any CPU = Debug|Any CPU
		Release|Any CPU = Release|Any CPU
	EndGlobalSection
	GlobalSection(ProjectConfigurationPlatforms) = postSolution
		{36B39646-C3EB-420E-9CE8-EB4F381098A4}.Debug|Any CPU.ActiveCfg = Debug|Any CPU
		{36B39646-C3EB-420E-9CE8-EB4F381098A4}.Debug|Any CPU.Build.0 = Debug|Any CPU
		{36B39646-C3EB-420E-9CE8-EB4F381098A4}.Release|Any CPU.ActiveCfg = Release|Any CPU
		{36B39646-C3EB-420E-9CE8-EB4F381098A4}.Release|Any CPU.Build.0 = Release|Any CPU
		{FAA18EBD-62F6-4770-BB1F-88149D6F6680}.Debug|Any CPU.ActiveCfg = Debug|Any CPU
		{FAA18EBD-62F6-4770-BB1F-88149D6F6680}.Debug|Any CPU.Build.0 = Debug|Any CPU
		{FAA18EBD-62F6-4770-BB1F-88149D6F6680}.Release|Any CPU.ActiveCfg = Release|Any CPU
		{FAA18EBD-62F6-4770-BB1F-88149D6F6680}.Release|Any CPU.Build.0 = Release|Any CPU
		{12141B84-4AC0-472E-8745-4010A90F247E}.Debug|Any CPU.ActiveCfg = Debug|Any CPU
		{12141B84-4AC0-472E-8745-4010A90F247E}.Debug|Any CPU.Build.0 = Debug|Any CPU
		{12141B84-4AC0-472E-8745-4010A90F247E}.Release|Any CPU.ActiveCfg = Release|Any CPU
		{12141B84-4AC0-472E-8745-4010A90F247E}.Release|Any CPU.Build.0 = Release|Any CPU
		{E16A68BA-FFC4-4D19-8DE1-0C3F118CED9B}.Debug|Any CPU.ActiveCfg = Debug|Any CPU
		{E16A68BA-FFC4-4D19-8DE1-0C3F118CED9B}.Debug|Any CPU.Build.0 = Debug|Any CPU
		{E16A68BA-FFC4-4D19-8DE1-0C3F118CED9B}.Release|Any CPU.ActiveCfg = Release|Any CPU
		{E16A68BA-FFC4-4D19-8DE1-0C3F118CED9B}.Release|Any CPU.Build.0 = Release|Any CPU
		{4E4D7882-ED7B-4C3B-A7A5-BE491617CBCC}.Debug|Any CPU.ActiveCfg = Debug|Any CPU
		{4E4D7882-ED7B-4C3B-A7A5-BE491617CBCC}.Debug|Any CPU.Build.0 = Debug|Any CPU
		{4E4D7882-ED7B-4C3B-A7A5-BE491617CBCC}.Release|Any CPU.ActiveCfg = Release|Any CPU
		{4E4D7882-ED7B-4C3B-A7A5-BE491617CBCC}.Release|Any CPU.Build.0 = Release|Any CPU
		{942079ED-3F87-44A3-9653-11D0966712E3}.Debug|Any CPU.ActiveCfg = Debug|Any CPU
		{942079ED-3F87-44A3-9653-11D0966712E3}.Debug|Any CPU.Build.0 = Debug|Any CPU
		{942079ED-3F87-44A3-9653-11D0966712E3}.Release|Any CPU.ActiveCfg = Release|Any CPU
		{942079ED-3F87-44A3-9653-11D0966712E3}.Release|Any CPU.Build.0 = Release|Any CPU
		{B8856819-7BDA-457A-AFB3-5F3C998D52D7}.Debug|Any CPU.ActiveCfg = Debug|Any CPU
		{B8856819-7BDA-457A-AFB3-5F3C998D52D7}.Debug|Any CPU.Build.0 = Debug|Any CPU
		{B8856819-7BDA-457A-AFB3-5F3C998D52D7}.Release|Any CPU.ActiveCfg = Release|Any CPU
		{B8856819-7BDA-457A-AFB3-5F3C998D52D7}.Release|Any CPU.Build.0 = Release|Any CPU
		{EE0D0858-17FF-46D8-B480-2DCAE4365CFC}.Debug|Any CPU.ActiveCfg = Debug|Any CPU
		{EE0D0858-17FF-46D8-B480-2DCAE4365CFC}.Debug|Any CPU.Build.0 = Debug|Any CPU
		{EE0D0858-17FF-46D8-B480-2DCAE4365CFC}.Release|Any CPU.ActiveCfg = Release|Any CPU
		{EE0D0858-17FF-46D8-B480-2DCAE4365CFC}.Release|Any CPU.Build.0 = Release|Any CPU
		{E9F0DE90-B096-47BF-B868-D216D1C52A26}.Debug|Any CPU.ActiveCfg = Debug|Any CPU
		{E9F0DE90-B096-47BF-B868-D216D1C52A26}.Debug|Any CPU.Build.0 = Debug|Any CPU
		{E9F0DE90-B096-47BF-B868-D216D1C52A26}.Release|Any CPU.ActiveCfg = Release|Any CPU
		{E9F0DE90-B096-47BF-B868-D216D1C52A26}.Release|Any CPU.Build.0 = Release|Any CPU
	EndGlobalSection
	GlobalSection(SolutionProperties) = preSolution
		HideSolutionNode = FALSE
	EndGlobalSection
	GlobalSection(NestedProjects) = preSolution
		{1B1682B4-4454-416E-857E-DB12E9B3C64E} = {A67FB7E4-3197-42A6-9942-E304AAA1AF18}
		{36B39646-C3EB-420E-9CE8-EB4F381098A4} = {1B1682B4-4454-416E-857E-DB12E9B3C64E}
		{F2B687D4-C51B-4938-A9AD-EF4B5D8DDCEA} = {A67FB7E4-3197-42A6-9942-E304AAA1AF18}
		{12141B84-4AC0-472E-8745-4010A90F247E} = {F2B687D4-C51B-4938-A9AD-EF4B5D8DDCEA}
		{98B4280C-C210-4F6C-A76A-66702F42489E} = {A67FB7E4-3197-42A6-9942-E304AAA1AF18}
		{E16A68BA-FFC4-4D19-8DE1-0C3F118CED9B} = {98B4280C-C210-4F6C-A76A-66702F42489E}
		{4E4D7882-ED7B-4C3B-A7A5-BE491617CBCC} = {98B4280C-C210-4F6C-A76A-66702F42489E}
		{DCA7FA22-D0BA-46B3-BA4E-51B2F490C1FE} = {A67FB7E4-3197-42A6-9942-E304AAA1AF18}
		{942079ED-3F87-44A3-9653-11D0966712E3} = {DCA7FA22-D0BA-46B3-BA4E-51B2F490C1FE}
		{B8856819-7BDA-457A-AFB3-5F3C998D52D7} = {DCA7FA22-D0BA-46B3-BA4E-51B2F490C1FE}
		{EE0D0858-17FF-46D8-B480-2DCAE4365CFC} = {DCA7FA22-D0BA-46B3-BA4E-51B2F490C1FE}
		{E9F0DE90-B096-47BF-B868-D216D1C52A26} = {DCA7FA22-D0BA-46B3-BA4E-51B2F490C1FE}
	EndGlobalSection
	GlobalSection(ExtensibilityGlobals) = postSolution
		SolutionGuid = {3E04F9AC-8C9A-41AD-9A38-4FA6AA1F3A46}
	EndGlobalSection
EndGlobal
